// !$*UTF8*$!
{
	archiveVersion = 1;
	classes = {
	};
	objectVersion = 55;
	objects = {

/* Begin PBXBuildFile section */
		0240E88957C4889699F78C5E /* Pods_food_shop.framework in Frameworks */ = {isa = PBXBuildFile; fileRef = 3F808EE5BA171DD6B530A768 /* Pods_food_shop.framework */; };
		05EC01612A4D9BFE008393DB /* AppDelegate.swift in Sources */ = {isa = PBXBuildFile; fileRef = 05EC01602A4D9BFE008393DB /* AppDelegate.swift */; };
		05EC01632A4D9BFE008393DB /* SceneDelegate.swift in Sources */ = {isa = PBXBuildFile; fileRef = 05EC01622A4D9BFE008393DB /* SceneDelegate.swift */; };
		05EC01652A4D9BFE008393DB /* ViewController.swift in Sources */ = {isa = PBXBuildFile; fileRef = 05EC01642A4D9BFE008393DB /* ViewController.swift */; };
		05EC016A2A4D9C03008393DB /* Assets.xcassets in Resources */ = {isa = PBXBuildFile; fileRef = 05EC01692A4D9C03008393DB /* Assets.xcassets */; };
		05EC016D2A4D9C03008393DB /* LaunchScreen.storyboard in Resources */ = {isa = PBXBuildFile; fileRef = 05EC016B2A4D9C03008393DB /* LaunchScreen.storyboard */; };
		05EC01772A4D9D96008393DB /* MainRouter.swift in Sources */ = {isa = PBXBuildFile; fileRef = 05EC01762A4D9D96008393DB /* MainRouter.swift */; };
		05EC01792A4D9DA2008393DB /* RouterProtocol.swift in Sources */ = {isa = PBXBuildFile; fileRef = 05EC01782A4D9DA2008393DB /* RouterProtocol.swift */; };
		05EC017B2A4D9E1F008393DB /* EmptyTransition.swift in Sources */ = {isa = PBXBuildFile; fileRef = 05EC017A2A4D9E1F008393DB /* EmptyTransition.swift */; };
		05EC017D2A4D9E35008393DB /* ModalTransition.swift in Sources */ = {isa = PBXBuildFile; fileRef = 05EC017C2A4D9E35008393DB /* ModalTransition.swift */; };
		05EC017F2A4D9E41008393DB /* PushTransition.swift in Sources */ = {isa = PBXBuildFile; fileRef = 05EC017E2A4D9E41008393DB /* PushTransition.swift */; };
		05EC01812A4D9E50008393DB /* TransitionProtocol.swift in Sources */ = {isa = PBXBuildFile; fileRef = 05EC01802A4D9E50008393DB /* TransitionProtocol.swift */; };
		05EC01852A4D9F53008393DB /* Constants.swift in Sources */ = {isa = PBXBuildFile; fileRef = 05EC01842A4D9F53008393DB /* Constants.swift */; };
		05EC01872A4D9F68008393DB /* Colors.xcassets in Resources */ = {isa = PBXBuildFile; fileRef = 05EC01862A4D9F68008393DB /* Colors.xcassets */; };
		05EC018A2A4D9FA4008393DB /* Images.xcassets in Resources */ = {isa = PBXBuildFile; fileRef = 05EC01892A4D9FA4008393DB /* Images.xcassets */; };
		05EC01902A4DA3A4008393DB /* MainVC.swift in Sources */ = {isa = PBXBuildFile; fileRef = 05EC018F2A4DA3A4008393DB /* MainVC.swift */; };
		05EC01922A4DA3B6008393DB /* MainViewModel.swift in Sources */ = {isa = PBXBuildFile; fileRef = 05EC01912A4DA3B6008393DB /* MainViewModel.swift */; };
		05EC01942A4DA3CE008393DB /* MainRoute.swift in Sources */ = {isa = PBXBuildFile; fileRef = 05EC01932A4DA3CE008393DB /* MainRoute.swift */; };
		05EC01982A4DA549008393DB /* TabbarRoute.swift in Sources */ = {isa = PBXBuildFile; fileRef = 05EC01972A4DA549008393DB /* TabbarRoute.swift */; };
		05EC019D2A4DA6D0008393DB /* CartVC.swift in Sources */ = {isa = PBXBuildFile; fileRef = 05EC019C2A4DA6D0008393DB /* CartVC.swift */; };
		05EC019F2A4DA6DE008393DB /* CartViewModel.swift in Sources */ = {isa = PBXBuildFile; fileRef = 05EC019E2A4DA6DE008393DB /* CartViewModel.swift */; };
		05EC01A12A4DA6E8008393DB /* CartRoute.swift in Sources */ = {isa = PBXBuildFile; fileRef = 05EC01A02A4DA6E8008393DB /* CartRoute.swift */; };
		05EC01A32A4DA7D2008393DB /* ProfileVC.swift in Sources */ = {isa = PBXBuildFile; fileRef = 05EC01A22A4DA7D2008393DB /* ProfileVC.swift */; };
		05EC01A52A4DA7DE008393DB /* ProfileViewModel.swift in Sources */ = {isa = PBXBuildFile; fileRef = 05EC01A42A4DA7DE008393DB /* ProfileViewModel.swift */; };
		05EC01A72A4DA7EA008393DB /* ProfileRoute.swift in Sources */ = {isa = PBXBuildFile; fileRef = 05EC01A62A4DA7EA008393DB /* ProfileRoute.swift */; };
		05EC01A92A4DA864008393DB /* SearchVC.swift in Sources */ = {isa = PBXBuildFile; fileRef = 05EC01A82A4DA864008393DB /* SearchVC.swift */; };
		05EC01AB2A4DA86E008393DB /* SearchViewModel.swift in Sources */ = {isa = PBXBuildFile; fileRef = 05EC01AA2A4DA86E008393DB /* SearchViewModel.swift */; };
		05EC01AD2A4DA877008393DB /* SearchRoute.swift in Sources */ = {isa = PBXBuildFile; fileRef = 05EC01AC2A4DA877008393DB /* SearchRoute.swift */; };
		05EC01B02A4DB1FA008393DB /* CategoryVC.swift in Sources */ = {isa = PBXBuildFile; fileRef = 05EC01AF2A4DB1FA008393DB /* CategoryVC.swift */; };
		05EC01B22A4DB205008393DB /* CategoryViewModel.swift in Sources */ = {isa = PBXBuildFile; fileRef = 05EC01B12A4DB205008393DB /* CategoryViewModel.swift */; };
		05EC01B42A4DBF5E008393DB /* CustomNavBarItem.swift in Sources */ = {isa = PBXBuildFile; fileRef = 05EC01B32A4DBF5E008393DB /* CustomNavBarItem.swift */; };
		05EC01BA2A4EAD95008393DB /* Montserrat-Bold.ttf in Resources */ = {isa = PBXBuildFile; fileRef = 05EC01B92A4EAD94008393DB /* Montserrat-Bold.ttf */; };
		05EC01BC2A4EAD9E008393DB /* Montserrat-Medium.ttf in Resources */ = {isa = PBXBuildFile; fileRef = 05EC01BB2A4EAD9E008393DB /* Montserrat-Medium.ttf */; };
		05EC01BE2A4EADA8008393DB /* Montserrat-Light.ttf in Resources */ = {isa = PBXBuildFile; fileRef = 05EC01BD2A4EADA8008393DB /* Montserrat-Light.ttf */; };
		05EC01C02A4EAF63008393DB /* Montserrat-SemiBold.ttf in Resources */ = {isa = PBXBuildFile; fileRef = 05EC01BF2A4EAF63008393DB /* Montserrat-SemiBold.ttf */; };
		05EC01C32A4EC338008393DB /* CustomCollectionView.swift in Sources */ = {isa = PBXBuildFile; fileRef = 05EC01C22A4EC338008393DB /* CustomCollectionView.swift */; };
		05EC01C82A4EC459008393DB /* CategoryCell.swift in Sources */ = {isa = PBXBuildFile; fileRef = 05EC01C72A4EC459008393DB /* CategoryCell.swift */; };
		05EC01CC2A4EC91D008393DB /* TestModel.swift in Sources */ = {isa = PBXBuildFile; fileRef = 05EC01CB2A4EC91D008393DB /* TestModel.swift */; };
		05EC01D22A4EDDDE008393DB /* FlowLayout.swift in Sources */ = {isa = PBXBuildFile; fileRef = 05EC01D12A4EDDDE008393DB /* FlowLayout.swift */; };
		05EC01D42A4F1A5A008393DB /* CategoryRoute.swift in Sources */ = {isa = PBXBuildFile; fileRef = 05EC01D32A4F1A5A008393DB /* CategoryRoute.swift */; };
		05EC01D62A4F1D01008393DB /* FoodOfCategory.swift in Sources */ = {isa = PBXBuildFile; fileRef = 05EC01D52A4F1D01008393DB /* FoodOfCategory.swift */; };
		05EC01D82A51B057008393DB /* FoodCategorySingle.swift in Sources */ = {isa = PBXBuildFile; fileRef = 05EC01D72A51B057008393DB /* FoodCategorySingle.swift */; };
		05EC01DB2A51C0C5008393DB /* DetailsVC.swift in Sources */ = {isa = PBXBuildFile; fileRef = 05EC01DA2A51C0C5008393DB /* DetailsVC.swift */; };
		05EC01DD2A51C0D1008393DB /* DetailsViewModel.swift in Sources */ = {isa = PBXBuildFile; fileRef = 05EC01DC2A51C0D1008393DB /* DetailsViewModel.swift */; };
		05EC01DF2A51C0DE008393DB /* DetailsRoute.swift in Sources */ = {isa = PBXBuildFile; fileRef = 05EC01DE2A51C0DE008393DB /* DetailsRoute.swift */; };
/* End PBXBuildFile section */

/* Begin PBXFileReference section */
		05EC015D2A4D9BFE008393DB /* food_shop.app */ = {isa = PBXFileReference; explicitFileType = wrapper.application; includeInIndex = 0; path = food_shop.app; sourceTree = BUILT_PRODUCTS_DIR; };
		05EC01602A4D9BFE008393DB /* AppDelegate.swift */ = {isa = PBXFileReference; lastKnownFileType = sourcecode.swift; path = AppDelegate.swift; sourceTree = "<group>"; };
		05EC01622A4D9BFE008393DB /* SceneDelegate.swift */ = {isa = PBXFileReference; lastKnownFileType = sourcecode.swift; path = SceneDelegate.swift; sourceTree = "<group>"; };
		05EC01642A4D9BFE008393DB /* ViewController.swift */ = {isa = PBXFileReference; lastKnownFileType = sourcecode.swift; path = ViewController.swift; sourceTree = "<group>"; };
		05EC01692A4D9C03008393DB /* Assets.xcassets */ = {isa = PBXFileReference; lastKnownFileType = folder.assetcatalog; path = Assets.xcassets; sourceTree = "<group>"; };
		05EC016C2A4D9C03008393DB /* Base */ = {isa = PBXFileReference; lastKnownFileType = file.storyboard; name = Base; path = Base.lproj/LaunchScreen.storyboard; sourceTree = "<group>"; };
		05EC016E2A4D9C03008393DB /* Info.plist */ = {isa = PBXFileReference; lastKnownFileType = text.plist.xml; path = Info.plist; sourceTree = "<group>"; };
		05EC01762A4D9D96008393DB /* MainRouter.swift */ = {isa = PBXFileReference; lastKnownFileType = sourcecode.swift; path = MainRouter.swift; sourceTree = "<group>"; };
		05EC01782A4D9DA2008393DB /* RouterProtocol.swift */ = {isa = PBXFileReference; lastKnownFileType = sourcecode.swift; path = RouterProtocol.swift; sourceTree = "<group>"; };
		05EC017A2A4D9E1F008393DB /* EmptyTransition.swift */ = {isa = PBXFileReference; lastKnownFileType = sourcecode.swift; path = EmptyTransition.swift; sourceTree = "<group>"; };
		05EC017C2A4D9E35008393DB /* ModalTransition.swift */ = {isa = PBXFileReference; lastKnownFileType = sourcecode.swift; path = ModalTransition.swift; sourceTree = "<group>"; };
		05EC017E2A4D9E41008393DB /* PushTransition.swift */ = {isa = PBXFileReference; lastKnownFileType = sourcecode.swift; path = PushTransition.swift; sourceTree = "<group>"; };
		05EC01802A4D9E50008393DB /* TransitionProtocol.swift */ = {isa = PBXFileReference; lastKnownFileType = sourcecode.swift; path = TransitionProtocol.swift; sourceTree = "<group>"; };
		05EC01842A4D9F53008393DB /* Constants.swift */ = {isa = PBXFileReference; lastKnownFileType = sourcecode.swift; path = Constants.swift; sourceTree = "<group>"; };
		05EC01862A4D9F68008393DB /* Colors.xcassets */ = {isa = PBXFileReference; lastKnownFileType = folder.assetcatalog; path = Colors.xcassets; sourceTree = "<group>"; };
		05EC01892A4D9FA4008393DB /* Images.xcassets */ = {isa = PBXFileReference; lastKnownFileType = folder.assetcatalog; path = Images.xcassets; sourceTree = "<group>"; };
		05EC018F2A4DA3A4008393DB /* MainVC.swift */ = {isa = PBXFileReference; lastKnownFileType = sourcecode.swift; path = MainVC.swift; sourceTree = "<group>"; };
		05EC01912A4DA3B6008393DB /* MainViewModel.swift */ = {isa = PBXFileReference; lastKnownFileType = sourcecode.swift; path = MainViewModel.swift; sourceTree = "<group>"; };
		05EC01932A4DA3CE008393DB /* MainRoute.swift */ = {isa = PBXFileReference; lastKnownFileType = sourcecode.swift; path = MainRoute.swift; sourceTree = "<group>"; };
		05EC01972A4DA549008393DB /* TabbarRoute.swift */ = {isa = PBXFileReference; lastKnownFileType = sourcecode.swift; path = TabbarRoute.swift; sourceTree = "<group>"; };
		05EC019C2A4DA6D0008393DB /* CartVC.swift */ = {isa = PBXFileReference; lastKnownFileType = sourcecode.swift; path = CartVC.swift; sourceTree = "<group>"; };
		05EC019E2A4DA6DE008393DB /* CartViewModel.swift */ = {isa = PBXFileReference; lastKnownFileType = sourcecode.swift; path = CartViewModel.swift; sourceTree = "<group>"; };
		05EC01A02A4DA6E8008393DB /* CartRoute.swift */ = {isa = PBXFileReference; lastKnownFileType = sourcecode.swift; path = CartRoute.swift; sourceTree = "<group>"; };
		05EC01A22A4DA7D2008393DB /* ProfileVC.swift */ = {isa = PBXFileReference; lastKnownFileType = sourcecode.swift; path = ProfileVC.swift; sourceTree = "<group>"; };
		05EC01A42A4DA7DE008393DB /* ProfileViewModel.swift */ = {isa = PBXFileReference; lastKnownFileType = sourcecode.swift; path = ProfileViewModel.swift; sourceTree = "<group>"; };
		05EC01A62A4DA7EA008393DB /* ProfileRoute.swift */ = {isa = PBXFileReference; lastKnownFileType = sourcecode.swift; path = ProfileRoute.swift; sourceTree = "<group>"; };
		05EC01A82A4DA864008393DB /* SearchVC.swift */ = {isa = PBXFileReference; lastKnownFileType = sourcecode.swift; path = SearchVC.swift; sourceTree = "<group>"; };
		05EC01AA2A4DA86E008393DB /* SearchViewModel.swift */ = {isa = PBXFileReference; lastKnownFileType = sourcecode.swift; path = SearchViewModel.swift; sourceTree = "<group>"; };
		05EC01AC2A4DA877008393DB /* SearchRoute.swift */ = {isa = PBXFileReference; lastKnownFileType = sourcecode.swift; path = SearchRoute.swift; sourceTree = "<group>"; };
		05EC01AF2A4DB1FA008393DB /* CategoryVC.swift */ = {isa = PBXFileReference; lastKnownFileType = sourcecode.swift; path = CategoryVC.swift; sourceTree = "<group>"; };
		05EC01B12A4DB205008393DB /* CategoryViewModel.swift */ = {isa = PBXFileReference; lastKnownFileType = sourcecode.swift; path = CategoryViewModel.swift; sourceTree = "<group>"; };
		05EC01B32A4DBF5E008393DB /* CustomNavBarItem.swift */ = {isa = PBXFileReference; lastKnownFileType = sourcecode.swift; path = CustomNavBarItem.swift; sourceTree = "<group>"; };
		05EC01B92A4EAD94008393DB /* Montserrat-Bold.ttf */ = {isa = PBXFileReference; lastKnownFileType = file; path = "Montserrat-Bold.ttf"; sourceTree = "<group>"; };
		05EC01BB2A4EAD9E008393DB /* Montserrat-Medium.ttf */ = {isa = PBXFileReference; lastKnownFileType = file; path = "Montserrat-Medium.ttf"; sourceTree = "<group>"; };
		05EC01BD2A4EADA8008393DB /* Montserrat-Light.ttf */ = {isa = PBXFileReference; lastKnownFileType = file; path = "Montserrat-Light.ttf"; sourceTree = "<group>"; };
		05EC01BF2A4EAF63008393DB /* Montserrat-SemiBold.ttf */ = {isa = PBXFileReference; lastKnownFileType = file; path = "Montserrat-SemiBold.ttf"; sourceTree = "<group>"; };
		05EC01C22A4EC338008393DB /* CustomCollectionView.swift */ = {isa = PBXFileReference; lastKnownFileType = sourcecode.swift; path = CustomCollectionView.swift; sourceTree = "<group>"; };
		05EC01C72A4EC459008393DB /* CategoryCell.swift */ = {isa = PBXFileReference; lastKnownFileType = sourcecode.swift; path = CategoryCell.swift; sourceTree = "<group>"; };
		05EC01CB2A4EC91D008393DB /* TestModel.swift */ = {isa = PBXFileReference; lastKnownFileType = sourcecode.swift; path = TestModel.swift; sourceTree = "<group>"; };
		05EC01D12A4EDDDE008393DB /* FlowLayout.swift */ = {isa = PBXFileReference; lastKnownFileType = sourcecode.swift; path = FlowLayout.swift; sourceTree = "<group>"; };
		05EC01D32A4F1A5A008393DB /* CategoryRoute.swift */ = {isa = PBXFileReference; lastKnownFileType = sourcecode.swift; path = CategoryRoute.swift; sourceTree = "<group>"; };
		05EC01D52A4F1D01008393DB /* FoodOfCategory.swift */ = {isa = PBXFileReference; lastKnownFileType = sourcecode.swift; path = FoodOfCategory.swift; sourceTree = "<group>"; };
		05EC01D72A51B057008393DB /* FoodCategorySingle.swift */ = {isa = PBXFileReference; lastKnownFileType = sourcecode.swift; path = FoodCategorySingle.swift; sourceTree = "<group>"; };
		05EC01DA2A51C0C5008393DB /* DetailsVC.swift */ = {isa = PBXFileReference; lastKnownFileType = sourcecode.swift; path = DetailsVC.swift; sourceTree = "<group>"; };
		05EC01DC2A51C0D1008393DB /* DetailsViewModel.swift */ = {isa = PBXFileReference; lastKnownFileType = sourcecode.swift; path = DetailsViewModel.swift; sourceTree = "<group>"; };
		05EC01DE2A51C0DE008393DB /* DetailsRoute.swift */ = {isa = PBXFileReference; lastKnownFileType = sourcecode.swift; path = DetailsRoute.swift; sourceTree = "<group>"; };
		3F808EE5BA171DD6B530A768 /* Pods_food_shop.framework */ = {isa = PBXFileReference; explicitFileType = wrapper.framework; includeInIndex = 0; path = Pods_food_shop.framework; sourceTree = BUILT_PRODUCTS_DIR; };
		6A5A57A7CA70D8494ABE1F29 /* Pods-food_shop.debug.xcconfig */ = {isa = PBXFileReference; includeInIndex = 1; lastKnownFileType = text.xcconfig; name = "Pods-food_shop.debug.xcconfig"; path = "Target Support Files/Pods-food_shop/Pods-food_shop.debug.xcconfig"; sourceTree = "<group>"; };
		EE97C4A9D01B86E74BB62D82 /* Pods-food_shop.release.xcconfig */ = {isa = PBXFileReference; includeInIndex = 1; lastKnownFileType = text.xcconfig; name = "Pods-food_shop.release.xcconfig"; path = "Target Support Files/Pods-food_shop/Pods-food_shop.release.xcconfig"; sourceTree = "<group>"; };
/* End PBXFileReference section */

/* Begin PBXFrameworksBuildPhase section */
		05EC015A2A4D9BFE008393DB /* Frameworks */ = {
			isa = PBXFrameworksBuildPhase;
			buildActionMask = 2147483647;
			files = (
				0240E88957C4889699F78C5E /* Pods_food_shop.framework in Frameworks */,
			);
			runOnlyForDeploymentPostprocessing = 0;
		};
/* End PBXFrameworksBuildPhase section */

/* Begin PBXGroup section */
		05EC01542A4D9BFE008393DB = {
			isa = PBXGroup;
			children = (
				05EC015F2A4D9BFE008393DB /* food_shop */,
				05EC015E2A4D9BFE008393DB /* Products */,
				DD606647DCF77B56769716A6 /* Pods */,
				FC69E8267E75FBE55C9F0B28 /* Frameworks */,
			);
			sourceTree = "<group>";
		};
		05EC015E2A4D9BFE008393DB /* Products */ = {
			isa = PBXGroup;
			children = (
				05EC015D2A4D9BFE008393DB /* food_shop.app */,
			);
			name = Products;
			sourceTree = "<group>";
		};
		05EC015F2A4D9BFE008393DB /* food_shop */ = {
			isa = PBXGroup;
			children = (
				05EC01CA2A4EC90B008393DB /* Model */,
				05EC01832A4D9F43008393DB /* Assets */,
				05EC01822A4D9F33008393DB /* VC's */,
				05EC01742A4D9D4F008393DB /* Router */,
				05EC01602A4D9BFE008393DB /* AppDelegate.swift */,
				05EC01622A4D9BFE008393DB /* SceneDelegate.swift */,
				05EC01642A4D9BFE008393DB /* ViewController.swift */,
				05EC01692A4D9C03008393DB /* Assets.xcassets */,
				05EC016B2A4D9C03008393DB /* LaunchScreen.storyboard */,
				05EC016E2A4D9C03008393DB /* Info.plist */,
			);
			path = food_shop;
			sourceTree = "<group>";
		};
		05EC01742A4D9D4F008393DB /* Router */ = {
			isa = PBXGroup;
			children = (
				05EC01752A4D9D7C008393DB /* Transition */,
				05EC01762A4D9D96008393DB /* MainRouter.swift */,
				05EC01782A4D9DA2008393DB /* RouterProtocol.swift */,
			);
			path = Router;
			sourceTree = "<group>";
		};
		05EC01752A4D9D7C008393DB /* Transition */ = {
			isa = PBXGroup;
			children = (
				05EC017A2A4D9E1F008393DB /* EmptyTransition.swift */,
				05EC017C2A4D9E35008393DB /* ModalTransition.swift */,
				05EC017E2A4D9E41008393DB /* PushTransition.swift */,
				05EC01802A4D9E50008393DB /* TransitionProtocol.swift */,
			);
			path = Transition;
			sourceTree = "<group>";
		};
		05EC01822A4D9F33008393DB /* VC's */ = {
			isa = PBXGroup;
			children = (
				05EC01D92A51C0AD008393DB /* DetailsVC */,
				05EC01C12A4EAFC0008393DB /* Views */,
				05EC01AE2A4DB1DD008393DB /* CategoryVC */,
				05EC01962A4DA414008393DB /* Tabbar */,
				05EC019B2A4DA694008393DB /* SearchVC */,
				05EC019A2A4DA68C008393DB /* ProfileVC */,
				05EC01992A4DA681008393DB /* CartVC */,
				05EC01952A4DA408008393DB /* MainVC */,
			);
			path = "VC's";
			sourceTree = "<group>";
		};
		05EC01832A4D9F43008393DB /* Assets */ = {
			isa = PBXGroup;
			children = (
				05EC01882A4D9F85008393DB /* Fonts */,
				05EC01842A4D9F53008393DB /* Constants.swift */,
				05EC01862A4D9F68008393DB /* Colors.xcassets */,
				05EC01892A4D9FA4008393DB /* Images.xcassets */,
			);
			path = Assets;
			sourceTree = "<group>";
		};
		05EC01882A4D9F85008393DB /* Fonts */ = {
			isa = PBXGroup;
			children = (
				05EC01B92A4EAD94008393DB /* Montserrat-Bold.ttf */,
				05EC01BF2A4EAF63008393DB /* Montserrat-SemiBold.ttf */,
				05EC01BB2A4EAD9E008393DB /* Montserrat-Medium.ttf */,
				05EC01BD2A4EADA8008393DB /* Montserrat-Light.ttf */,
			);
			path = Fonts;
			sourceTree = "<group>";
		};
		05EC01952A4DA408008393DB /* MainVC */ = {
			isa = PBXGroup;
			children = (
				05EC018F2A4DA3A4008393DB /* MainVC.swift */,
				05EC01912A4DA3B6008393DB /* MainViewModel.swift */,
				05EC01932A4DA3CE008393DB /* MainRoute.swift */,
			);
			path = MainVC;
			sourceTree = "<group>";
		};
		05EC01962A4DA414008393DB /* Tabbar */ = {
			isa = PBXGroup;
			children = (
				05EC01972A4DA549008393DB /* TabbarRoute.swift */,
			);
			path = Tabbar;
			sourceTree = "<group>";
		};
		05EC01992A4DA681008393DB /* CartVC */ = {
			isa = PBXGroup;
			children = (
				05EC019C2A4DA6D0008393DB /* CartVC.swift */,
				05EC019E2A4DA6DE008393DB /* CartViewModel.swift */,
				05EC01A02A4DA6E8008393DB /* CartRoute.swift */,
			);
			path = CartVC;
			sourceTree = "<group>";
		};
		05EC019A2A4DA68C008393DB /* ProfileVC */ = {
			isa = PBXGroup;
			children = (
				05EC01A22A4DA7D2008393DB /* ProfileVC.swift */,
				05EC01A42A4DA7DE008393DB /* ProfileViewModel.swift */,
				05EC01A62A4DA7EA008393DB /* ProfileRoute.swift */,
			);
			path = ProfileVC;
			sourceTree = "<group>";
		};
		05EC019B2A4DA694008393DB /* SearchVC */ = {
			isa = PBXGroup;
			children = (
				05EC01A82A4DA864008393DB /* SearchVC.swift */,
				05EC01AA2A4DA86E008393DB /* SearchViewModel.swift */,
				05EC01AC2A4DA877008393DB /* SearchRoute.swift */,
			);
			path = SearchVC;
			sourceTree = "<group>";
		};
		05EC01AE2A4DB1DD008393DB /* CategoryVC */ = {
			isa = PBXGroup;
			children = (
				05EC01AF2A4DB1FA008393DB /* CategoryVC.swift */,
				05EC01B12A4DB205008393DB /* CategoryViewModel.swift */,
				05EC01D32A4F1A5A008393DB /* CategoryRoute.swift */,
			);
			path = CategoryVC;
			sourceTree = "<group>";
		};
		05EC01C12A4EAFC0008393DB /* Views */ = {
			isa = PBXGroup;
			children = (
				05EC01C52A4EC3CB008393DB /* CollectionView */,
				05EC01C42A4EC3BB008393DB /* View */,
			);
			path = Views;
			sourceTree = "<group>";
		};
		05EC01C42A4EC3BB008393DB /* View */ = {
			isa = PBXGroup;
			children = (
				05EC01B32A4DBF5E008393DB /* CustomNavBarItem.swift */,
			);
			path = View;
			sourceTree = "<group>";
		};
		05EC01C52A4EC3CB008393DB /* CollectionView */ = {
			isa = PBXGroup;
			children = (
				05EC01D02A4EDDC2008393DB /* FlowLayout+extension */,
				05EC01C62A4EC433008393DB /* Cell */,
				05EC01C22A4EC338008393DB /* CustomCollectionView.swift */,
			);
			path = CollectionView;
			sourceTree = "<group>";
		};
		05EC01C62A4EC433008393DB /* Cell */ = {
			isa = PBXGroup;
			children = (
				05EC01C72A4EC459008393DB /* CategoryCell.swift */,
				05EC01D52A4F1D01008393DB /* FoodOfCategory.swift */,
				05EC01D72A51B057008393DB /* FoodCategorySingle.swift */,
			);
			path = Cell;
			sourceTree = "<group>";
		};
		05EC01CA2A4EC90B008393DB /* Model */ = {
			isa = PBXGroup;
			children = (
				05EC01CB2A4EC91D008393DB /* TestModel.swift */,
			);
			path = Model;
			sourceTree = "<group>";
		};
		05EC01D02A4EDDC2008393DB /* FlowLayout+extension */ = {
			isa = PBXGroup;
			children = (
				05EC01D12A4EDDDE008393DB /* FlowLayout.swift */,
			);
			path = "FlowLayout+extension";
			sourceTree = "<group>";
		};
		05EC01D92A51C0AD008393DB /* DetailsVC */ = {
			isa = PBXGroup;
			children = (
				05EC01DA2A51C0C5008393DB /* DetailsVC.swift */,
				05EC01DC2A51C0D1008393DB /* DetailsViewModel.swift */,
				05EC01DE2A51C0DE008393DB /* DetailsRoute.swift */,
			);
			path = DetailsVC;
			sourceTree = "<group>";
		};
		DD606647DCF77B56769716A6 /* Pods */ = {
			isa = PBXGroup;
			children = (
				6A5A57A7CA70D8494ABE1F29 /* Pods-food_shop.debug.xcconfig */,
				EE97C4A9D01B86E74BB62D82 /* Pods-food_shop.release.xcconfig */,
			);
			path = Pods;
			sourceTree = "<group>";
		};
		FC69E8267E75FBE55C9F0B28 /* Frameworks */ = {
			isa = PBXGroup;
			children = (
				3F808EE5BA171DD6B530A768 /* Pods_food_shop.framework */,
			);
			name = Frameworks;
			sourceTree = "<group>";
		};
/* End PBXGroup section */

/* Begin PBXNativeTarget section */
		05EC015C2A4D9BFE008393DB /* food_shop */ = {
			isa = PBXNativeTarget;
			buildConfigurationList = 05EC01712A4D9C03008393DB /* Build configuration list for PBXNativeTarget "food_shop" */;
			buildPhases = (
				D75196E497B92E1B8F56A15F /* [CP] Check Pods Manifest.lock */,
				05EC01592A4D9BFE008393DB /* Sources */,
				05EC015A2A4D9BFE008393DB /* Frameworks */,
				05EC015B2A4D9BFE008393DB /* Resources */,
				BC98A5D98F7A3322C01B3FC2 /* [CP] Embed Pods Frameworks */,
			);
			buildRules = (
			);
			dependencies = (
			);
			name = food_shop;
			productName = food_shop;
			productReference = 05EC015D2A4D9BFE008393DB /* food_shop.app */;
			productType = "com.apple.product-type.application";
		};
/* End PBXNativeTarget section */

/* Begin PBXProject section */
		05EC01552A4D9BFE008393DB /* Project object */ = {
			isa = PBXProject;
			attributes = {
				BuildIndependentTargetsInParallel = 1;
				LastSwiftUpdateCheck = 1320;
				LastUpgradeCheck = 1320;
				TargetAttributes = {
					05EC015C2A4D9BFE008393DB = {
						CreatedOnToolsVersion = 13.2.1;
					};
				};
			};
			buildConfigurationList = 05EC01582A4D9BFE008393DB /* Build configuration list for PBXProject "food_shop" */;
			compatibilityVersion = "Xcode 13.0";
			developmentRegion = en;
			hasScannedForEncodings = 0;
			knownRegions = (
				en,
				Base,
			);
			mainGroup = 05EC01542A4D9BFE008393DB;
			productRefGroup = 05EC015E2A4D9BFE008393DB /* Products */;
			projectDirPath = "";
			projectRoot = "";
			targets = (
				05EC015C2A4D9BFE008393DB /* food_shop */,
			);
		};
/* End PBXProject section */

/* Begin PBXResourcesBuildPhase section */
		05EC015B2A4D9BFE008393DB /* Resources */ = {
			isa = PBXResourcesBuildPhase;
			buildActionMask = 2147483647;
			files = (
				05EC01872A4D9F68008393DB /* Colors.xcassets in Resources */,
				05EC018A2A4D9FA4008393DB /* Images.xcassets in Resources */,
				05EC01BA2A4EAD95008393DB /* Montserrat-Bold.ttf in Resources */,
				05EC01BE2A4EADA8008393DB /* Montserrat-Light.ttf in Resources */,
				05EC01BC2A4EAD9E008393DB /* Montserrat-Medium.ttf in Resources */,
				05EC016D2A4D9C03008393DB /* LaunchScreen.storyboard in Resources */,
				05EC01C02A4EAF63008393DB /* Montserrat-SemiBold.ttf in Resources */,
				05EC016A2A4D9C03008393DB /* Assets.xcassets in Resources */,
			);
			runOnlyForDeploymentPostprocessing = 0;
		};
/* End PBXResourcesBuildPhase section */

/* Begin PBXShellScriptBuildPhase section */
		BC98A5D98F7A3322C01B3FC2 /* [CP] Embed Pods Frameworks */ = {
			isa = PBXShellScriptBuildPhase;
			buildActionMask = 2147483647;
			files = (
			);
			inputFileListPaths = (
				"${PODS_ROOT}/Target Support Files/Pods-food_shop/Pods-food_shop-frameworks-${CONFIGURATION}-input-files.xcfilelist",
			);
			name = "[CP] Embed Pods Frameworks";
			outputFileListPaths = (
				"${PODS_ROOT}/Target Support Files/Pods-food_shop/Pods-food_shop-frameworks-${CONFIGURATION}-output-files.xcfilelist",
			);
			runOnlyForDeploymentPostprocessing = 0;
			shellPath = /bin/sh;
			shellScript = "\"${PODS_ROOT}/Target Support Files/Pods-food_shop/Pods-food_shop-frameworks.sh\"\n";
			showEnvVarsInLog = 0;
		};
		D75196E497B92E1B8F56A15F /* [CP] Check Pods Manifest.lock */ = {
			isa = PBXShellScriptBuildPhase;
			buildActionMask = 2147483647;
			files = (
			);
			inputFileListPaths = (
			);
			inputPaths = (
				"${PODS_PODFILE_DIR_PATH}/Podfile.lock",
				"${PODS_ROOT}/Manifest.lock",
			);
			name = "[CP] Check Pods Manifest.lock";
			outputFileListPaths = (
			);
			outputPaths = (
				"$(DERIVED_FILE_DIR)/Pods-food_shop-checkManifestLockResult.txt",
			);
			runOnlyForDeploymentPostprocessing = 0;
			shellPath = /bin/sh;
			shellScript = "diff \"${PODS_PODFILE_DIR_PATH}/Podfile.lock\" \"${PODS_ROOT}/Manifest.lock\" > /dev/null\nif [ $? != 0 ] ; then\n    # print error to STDERR\n    echo \"error: The sandbox is not in sync with the Podfile.lock. Run 'pod install' or update your CocoaPods installation.\" >&2\n    exit 1\nfi\n# This output is used by Xcode 'outputs' to avoid re-running this script phase.\necho \"SUCCESS\" > \"${SCRIPT_OUTPUT_FILE_0}\"\n";
			showEnvVarsInLog = 0;
		};
/* End PBXShellScriptBuildPhase section */

/* Begin PBXSourcesBuildPhase section */
		05EC01592A4D9BFE008393DB /* Sources */ = {
			isa = PBXSourcesBuildPhase;
			buildActionMask = 2147483647;
			files = (
				05EC01D82A51B057008393DB /* FoodCategorySingle.swift in Sources */,
				05EC01AB2A4DA86E008393DB /* SearchViewModel.swift in Sources */,
				05EC01652A4D9BFE008393DB /* ViewController.swift in Sources */,
				05EC01A52A4DA7DE008393DB /* ProfileViewModel.swift in Sources */,
				05EC01C82A4EC459008393DB /* CategoryCell.swift in Sources */,
				05EC01A12A4DA6E8008393DB /* CartRoute.swift in Sources */,
				05EC01772A4D9D96008393DB /* MainRouter.swift in Sources */,
				05EC01922A4DA3B6008393DB /* MainViewModel.swift in Sources */,
				05EC01D22A4EDDDE008393DB /* FlowLayout.swift in Sources */,
				05EC01982A4DA549008393DB /* TabbarRoute.swift in Sources */,
				05EC01DF2A51C0DE008393DB /* DetailsRoute.swift in Sources */,
				05EC01A92A4DA864008393DB /* SearchVC.swift in Sources */,
				05EC01D62A4F1D01008393DB /* FoodOfCategory.swift in Sources */,
				05EC019F2A4DA6DE008393DB /* CartViewModel.swift in Sources */,
				05EC01C32A4EC338008393DB /* CustomCollectionView.swift in Sources */,
				05EC017F2A4D9E41008393DB /* PushTransition.swift in Sources */,
				05EC01AD2A4DA877008393DB /* SearchRoute.swift in Sources */,
				05EC017B2A4D9E1F008393DB /* EmptyTransition.swift in Sources */,
				05EC01A72A4DA7EA008393DB /* ProfileRoute.swift in Sources */,
				05EC01902A4DA3A4008393DB /* MainVC.swift in Sources */,
				05EC01792A4D9DA2008393DB /* RouterProtocol.swift in Sources */,
				05EC019D2A4DA6D0008393DB /* CartVC.swift in Sources */,
				05EC01942A4DA3CE008393DB /* MainRoute.swift in Sources */,
				05EC01B22A4DB205008393DB /* CategoryViewModel.swift in Sources */,
				05EC01A32A4DA7D2008393DB /* ProfileVC.swift in Sources */,
				05EC01B42A4DBF5E008393DB /* CustomNavBarItem.swift in Sources */,
				05EC01B02A4DB1FA008393DB /* CategoryVC.swift in Sources */,
				05EC01852A4D9F53008393DB /* Constants.swift in Sources */,
				05EC01612A4D9BFE008393DB /* AppDelegate.swift in Sources */,
				05EC01D42A4F1A5A008393DB /* CategoryRoute.swift in Sources */,
				05EC01812A4D9E50008393DB /* TransitionProtocol.swift in Sources */,
				05EC017D2A4D9E35008393DB /* ModalTransition.swift in Sources */,
				05EC01DB2A51C0C5008393DB /* DetailsVC.swift in Sources */,
				05EC01DD2A51C0D1008393DB /* DetailsViewModel.swift in Sources */,
				05EC01632A4D9BFE008393DB /* SceneDelegate.swift in Sources */,
				05EC01CC2A4EC91D008393DB /* TestModel.swift in Sources */,
			);
			runOnlyForDeploymentPostprocessing = 0;
		};
/* End PBXSourcesBuildPhase section */

/* Begin PBXVariantGroup section */
		05EC016B2A4D9C03008393DB /* LaunchScreen.storyboard */ = {
			isa = PBXVariantGroup;
			children = (
				05EC016C2A4D9C03008393DB /* Base */,
			);
			name = LaunchScreen.storyboard;
			sourceTree = "<group>";
		};
/* End PBXVariantGroup section */

/* Begin XCBuildConfiguration section */
		05EC016F2A4D9C03008393DB /* Debug */ = {
			isa = XCBuildConfiguration;
			buildSettings = {
				ALWAYS_SEARCH_USER_PATHS = NO;
				CLANG_ANALYZER_NONNULL = YES;
				CLANG_ANALYZER_NUMBER_OBJECT_CONVERSION = YES_AGGRESSIVE;
				CLANG_CXX_LANGUAGE_STANDARD = "gnu++17";
				CLANG_CXX_LIBRARY = "libc++";
				CLANG_ENABLE_MODULES = YES;
				CLANG_ENABLE_OBJC_ARC = YES;
				CLANG_ENABLE_OBJC_WEAK = YES;
				CLANG_WARN_BLOCK_CAPTURE_AUTORELEASING = YES;
				CLANG_WARN_BOOL_CONVERSION = YES;
				CLANG_WARN_COMMA = YES;
				CLANG_WARN_CONSTANT_CONVERSION = YES;
				CLANG_WARN_DEPRECATED_OBJC_IMPLEMENTATIONS = YES;
				CLANG_WARN_DIRECT_OBJC_ISA_USAGE = YES_ERROR;
				CLANG_WARN_DOCUMENTATION_COMMENTS = YES;
				CLANG_WARN_EMPTY_BODY = YES;
				CLANG_WARN_ENUM_CONVERSION = YES;
				CLANG_WARN_INFINITE_RECURSION = YES;
				CLANG_WARN_INT_CONVERSION = YES;
				CLANG_WARN_NON_LITERAL_NULL_CONVERSION = YES;
				CLANG_WARN_OBJC_IMPLICIT_RETAIN_SELF = YES;
				CLANG_WARN_OBJC_LITERAL_CONVERSION = YES;
				CLANG_WARN_OBJC_ROOT_CLASS = YES_ERROR;
				CLANG_WARN_QUOTED_INCLUDE_IN_FRAMEWORK_HEADER = YES;
				CLANG_WARN_RANGE_LOOP_ANALYSIS = YES;
				CLANG_WARN_STRICT_PROTOTYPES = YES;
				CLANG_WARN_SUSPICIOUS_MOVE = YES;
				CLANG_WARN_UNGUARDED_AVAILABILITY = YES_AGGRESSIVE;
				CLANG_WARN_UNREACHABLE_CODE = YES;
				CLANG_WARN__DUPLICATE_METHOD_MATCH = YES;
				COPY_PHASE_STRIP = NO;
				DEBUG_INFORMATION_FORMAT = dwarf;
				ENABLE_STRICT_OBJC_MSGSEND = YES;
				ENABLE_TESTABILITY = YES;
				GCC_C_LANGUAGE_STANDARD = gnu11;
				GCC_DYNAMIC_NO_PIC = NO;
				GCC_NO_COMMON_BLOCKS = YES;
				GCC_OPTIMIZATION_LEVEL = 0;
				GCC_PREPROCESSOR_DEFINITIONS = (
					"DEBUG=1",
					"$(inherited)",
				);
				GCC_WARN_64_TO_32_BIT_CONVERSION = YES;
				GCC_WARN_ABOUT_RETURN_TYPE = YES_ERROR;
				GCC_WARN_UNDECLARED_SELECTOR = YES;
				GCC_WARN_UNINITIALIZED_AUTOS = YES_AGGRESSIVE;
				GCC_WARN_UNUSED_FUNCTION = YES;
				GCC_WARN_UNUSED_VARIABLE = YES;
				IPHONEOS_DEPLOYMENT_TARGET = 15.2;
				MTL_ENABLE_DEBUG_INFO = INCLUDE_SOURCE;
				MTL_FAST_MATH = YES;
				ONLY_ACTIVE_ARCH = YES;
				SDKROOT = iphoneos;
				SWIFT_ACTIVE_COMPILATION_CONDITIONS = DEBUG;
				SWIFT_OPTIMIZATION_LEVEL = "-Onone";
			};
			name = Debug;
		};
		05EC01702A4D9C03008393DB /* Release */ = {
			isa = XCBuildConfiguration;
			buildSettings = {
				ALWAYS_SEARCH_USER_PATHS = NO;
				CLANG_ANALYZER_NONNULL = YES;
				CLANG_ANALYZER_NUMBER_OBJECT_CONVERSION = YES_AGGRESSIVE;
				CLANG_CXX_LANGUAGE_STANDARD = "gnu++17";
				CLANG_CXX_LIBRARY = "libc++";
				CLANG_ENABLE_MODULES = YES;
				CLANG_ENABLE_OBJC_ARC = YES;
				CLANG_ENABLE_OBJC_WEAK = YES;
				CLANG_WARN_BLOCK_CAPTURE_AUTORELEASING = YES;
				CLANG_WARN_BOOL_CONVERSION = YES;
				CLANG_WARN_COMMA = YES;
				CLANG_WARN_CONSTANT_CONVERSION = YES;
				CLANG_WARN_DEPRECATED_OBJC_IMPLEMENTATIONS = YES;
				CLANG_WARN_DIRECT_OBJC_ISA_USAGE = YES_ERROR;
				CLANG_WARN_DOCUMENTATION_COMMENTS = YES;
				CLANG_WARN_EMPTY_BODY = YES;
				CLANG_WARN_ENUM_CONVERSION = YES;
				CLANG_WARN_INFINITE_RECURSION = YES;
				CLANG_WARN_INT_CONVERSION = YES;
				CLANG_WARN_NON_LITERAL_NULL_CONVERSION = YES;
				CLANG_WARN_OBJC_IMPLICIT_RETAIN_SELF = YES;
				CLANG_WARN_OBJC_LITERAL_CONVERSION = YES;
				CLANG_WARN_OBJC_ROOT_CLASS = YES_ERROR;
				CLANG_WARN_QUOTED_INCLUDE_IN_FRAMEWORK_HEADER = YES;
				CLANG_WARN_RANGE_LOOP_ANALYSIS = YES;
				CLANG_WARN_STRICT_PROTOTYPES = YES;
				CLANG_WARN_SUSPICIOUS_MOVE = YES;
				CLANG_WARN_UNGUARDED_AVAILABILITY = YES_AGGRESSIVE;
				CLANG_WARN_UNREACHABLE_CODE = YES;
				CLANG_WARN__DUPLICATE_METHOD_MATCH = YES;
				COPY_PHASE_STRIP = NO;
				DEBUG_INFORMATION_FORMAT = "dwarf-with-dsym";
				ENABLE_NS_ASSERTIONS = NO;
				ENABLE_STRICT_OBJC_MSGSEND = YES;
				GCC_C_LANGUAGE_STANDARD = gnu11;
				GCC_NO_COMMON_BLOCKS = YES;
				GCC_WARN_64_TO_32_BIT_CONVERSION = YES;
				GCC_WARN_ABOUT_RETURN_TYPE = YES_ERROR;
				GCC_WARN_UNDECLARED_SELECTOR = YES;
				GCC_WARN_UNINITIALIZED_AUTOS = YES_AGGRESSIVE;
				GCC_WARN_UNUSED_FUNCTION = YES;
				GCC_WARN_UNUSED_VARIABLE = YES;
				IPHONEOS_DEPLOYMENT_TARGET = 15.2;
				MTL_ENABLE_DEBUG_INFO = NO;
				MTL_FAST_MATH = YES;
				SDKROOT = iphoneos;
				SWIFT_COMPILATION_MODE = wholemodule;
				SWIFT_OPTIMIZATION_LEVEL = "-O";
				VALIDATE_PRODUCT = YES;
			};
			name = Release;
		};
		05EC01722A4D9C03008393DB /* Debug */ = {
			isa = XCBuildConfiguration;
			baseConfigurationReference = 6A5A57A7CA70D8494ABE1F29 /* Pods-food_shop.debug.xcconfig */;
			buildSettings = {
				ASSETCATALOG_COMPILER_APPICON_NAME = AppIcon;
				ASSETCATALOG_COMPILER_GLOBAL_ACCENT_COLOR_NAME = AccentColor;
				CODE_SIGN_STYLE = Automatic;
				CURRENT_PROJECT_VERSION = 1;
				GENERATE_INFOPLIST_FILE = YES;
				INFOPLIST_FILE = food_shop/Info.plist;
				INFOPLIST_KEY_UIApplicationSupportsIndirectInputEvents = YES;
				INFOPLIST_KEY_UILaunchStoryboardName = LaunchScreen;
				INFOPLIST_KEY_UISupportedInterfaceOrientations = UIInterfaceOrientationPortrait;
				INFOPLIST_KEY_UISupportedInterfaceOrientations_iPad = "UIInterfaceOrientationPortrait UIInterfaceOrientationPortraitUpsideDown UIInterfaceOrientationLandscapeLeft UIInterfaceOrientationLandscapeRight";
				INFOPLIST_KEY_UISupportedInterfaceOrientations_iPhone = "UIInterfaceOrientationPortrait UIInterfaceOrientationLandscapeLeft UIInterfaceOrientationLandscapeRight";
				LD_RUNPATH_SEARCH_PATHS = (
					"$(inherited)",
					"@executable_path/Frameworks",
				);
				MARKETING_VERSION = 1.0;
				PRODUCT_BUNDLE_IDENTIFIER = "Nor1.food-shop";
				PRODUCT_NAME = "$(TARGET_NAME)";
				SWIFT_EMIT_LOC_STRINGS = YES;
				SWIFT_VERSION = 5.0;
				TARGETED_DEVICE_FAMILY = "1,2";
			};
			name = Debug;
		};
		05EC01732A4D9C03008393DB /* Release */ = {
			isa = XCBuildConfiguration;
			baseConfigurationReference = EE97C4A9D01B86E74BB62D82 /* Pods-food_shop.release.xcconfig */;
			buildSettings = {
				ASSETCATALOG_COMPILER_APPICON_NAME = AppIcon;
				ASSETCATALOG_COMPILER_GLOBAL_ACCENT_COLOR_NAME = AccentColor;
				CODE_SIGN_STYLE = Automatic;
				CURRENT_PROJECT_VERSION = 1;
				GENERATE_INFOPLIST_FILE = YES;
				INFOPLIST_FILE = food_shop/Info.plist;
				INFOPLIST_KEY_UIApplicationSupportsIndirectInputEvents = YES;
				INFOPLIST_KEY_UILaunchStoryboardName = LaunchScreen;
				INFOPLIST_KEY_UISupportedInterfaceOrientations = UIInterfaceOrientationPortrait;
				INFOPLIST_KEY_UISupportedInterfaceOrientations_iPad = "UIInterfaceOrientationPortrait UIInterfaceOrientationPortraitUpsideDown UIInterfaceOrientationLandscapeLeft UIInterfaceOrientationLandscapeRight";
				INFOPLIST_KEY_UISupportedInterfaceOrientations_iPhone = "UIInterfaceOrientationPortrait UIInterfaceOrientationLandscapeLeft UIInterfaceOrientationLandscapeRight";
				LD_RUNPATH_SEARCH_PATHS = (
					"$(inherited)",
					"@executable_path/Frameworks",
				);
				MARKETING_VERSION = 1.0;
				PRODUCT_BUNDLE_IDENTIFIER = "Nor1.food-shop";
				PRODUCT_NAME = "$(TARGET_NAME)";
				SWIFT_EMIT_LOC_STRINGS = YES;
				SWIFT_VERSION = 5.0;
				TARGETED_DEVICE_FAMILY = "1,2";
			};
			name = Release;
		};
/* End XCBuildConfiguration section */

/* Begin XCConfigurationList section */
		05EC01582A4D9BFE008393DB /* Build configuration list for PBXProject "food_shop" */ = {
			isa = XCConfigurationList;
			buildConfigurations = (
				05EC016F2A4D9C03008393DB /* Debug */,
				05EC01702A4D9C03008393DB /* Release */,
			);
			defaultConfigurationIsVisible = 0;
			defaultConfigurationName = Release;
		};
		05EC01712A4D9C03008393DB /* Build configuration list for PBXNativeTarget "food_shop" */ = {
			isa = XCConfigurationList;
			buildConfigurations = (
				05EC01722A4D9C03008393DB /* Debug */,
				05EC01732A4D9C03008393DB /* Release */,
			);
			defaultConfigurationIsVisible = 0;
			defaultConfigurationName = Release;
		};
/* End XCConfigurationList section */
	};
	rootObject = 05EC01552A4D9BFE008393DB /* Project object */;
}
